# This file is automatically @generated by Cargo.
# It is not intended for manual editing.
version = 3

[[package]]
name = "adler32"
version = "1.0.3"
source = "registry+https://github.com/rust-lang/crates.io-index"
checksum = "7e522997b529f05601e05166c07ed17789691f562762c7f3b987263d2dedee5c"

[[package]]
name = "aho-corasick"
version = "0.6.6"
source = "registry+https://github.com/rust-lang/crates.io-index"
checksum = "c1c6d463cbe7ed28720b5b489e7c083eeb8f90d08be2a0d6bb9e1ffea9ce1afa"
dependencies = [
 "memchr",
]

[[package]]
name = "android_glue"
version = "0.2.3"
source = "registry+https://github.com/rust-lang/crates.io-index"
checksum = "000444226fcff248f2bc4c7625be32c63caccfecc2723a2b9f78a7487a49c407"

[[package]]
name = "ansi_term"
version = "0.11.0"
source = "registry+https://github.com/rust-lang/crates.io-index"
checksum = "ee49baf6cb617b853aa8d93bf420db2383fab46d314482ca2803b40d5fde979b"
dependencies = [
 "winapi",
]

[[package]]
name = "approx"
version = "0.1.1"
source = "registry+https://github.com/rust-lang/crates.io-index"
checksum = "08abcc3b4e9339e33a3d0a5ed15d84a687350c05689d825e0f6655eef9e76a94"

[[package]]
name = "arrayvec"
version = "0.4.7"
source = "registry+https://github.com/rust-lang/crates.io-index"
checksum = "a1e964f9e24d588183fcb43503abda40d288c8657dfc27311516ce2f05675aef"
dependencies = [
 "nodrop",
]

[[package]]
name = "atty"
version = "0.2.11"
source = "registry+https://github.com/rust-lang/crates.io-index"
checksum = "9a7d5b8723950951411ee34d271d99dddcc2035a16ab25310ea2c8cfd4369652"
dependencies = [
 "libc",
 "termion",
 "winapi",
]

[[package]]
name = "backtrace"
version = "0.3.9"
source = "registry+https://github.com/rust-lang/crates.io-index"
checksum = "89a47830402e9981c5c41223151efcced65a0510c13097c769cede7efb34782a"
dependencies = [
 "backtrace-sys",
 "cfg-if",
 "libc",
 "rustc-demangle",
 "winapi",
]

[[package]]
name = "backtrace-sys"
version = "0.1.24"
source = "registry+https://github.com/rust-lang/crates.io-index"
checksum = "c66d56ac8dabd07f6aacdaf633f4b8262f5b3601a810a0dcddffd5c22c69daa0"
dependencies = [
 "cc",
 "libc",
]

[[package]]
name = "bitflags"
version = "1.0.3"
source = "registry+https://github.com/rust-lang/crates.io-index"
checksum = "d0c54bb8f454c567f21197eefcdbf5679d0bd99f2ddbe52e84c77061952e6789"

[[package]]
name = "block"
version = "0.1.6"
source = "registry+https://github.com/rust-lang/crates.io-index"
checksum = "0d8c1fef690941d3e7788d328517591fecc684c084084702d6ff1641e993699a"

[[package]]
name = "byteorder"
version = "1.2.4"
source = "registry+https://github.com/rust-lang/crates.io-index"
checksum = "8389c509ec62b9fe8eca58c502a0acaf017737355615243496cde4994f8fa4f9"

[[package]]
name = "cast"
version = "0.2.2"
source = "registry+https://github.com/rust-lang/crates.io-index"
checksum = "926013f2860c46252efceabb19f4a6b308197505082c609025aa6706c011d427"

[[package]]
name = "cc"
version = "1.0.18"
source = "registry+https://github.com/rust-lang/crates.io-index"
checksum = "2119ea4867bd2b8ed3aecab467709720b2d55b1bcfe09f772fd68066eaf15275"

[[package]]
name = "cfg-if"
version = "0.1.5"
source = "registry+https://github.com/rust-lang/crates.io-index"
checksum = "0c4e7bb64a8ebb0d856483e1e682ea3422f883c5f5615a90d51a2c82fe87fdd3"

[[package]]
name = "cgl"
version = "0.2.3"
source = "registry+https://github.com/rust-lang/crates.io-index"
checksum = "55e7ec0b74fe5897894cbc207092c577e87c52f8a59e8ca8d97ef37551f60a49"
dependencies = [
 "gleam",
 "libc",
]

[[package]]
name = "cgmath"
version = "0.16.1"
source = "registry+https://github.com/rust-lang/crates.io-index"
checksum = "64a4b57c8f4e3a2e9ac07e0f6abc9c24b6fc9e1b54c3478cfb598f3d0023e51c"
dependencies = [
 "approx",
 "mint",
 "num-traits 0.1.43",
 "rand 0.4.2",
]

[[package]]
name = "chrono"
version = "0.4.5"
source = "registry+https://github.com/rust-lang/crates.io-index"
checksum = "e48d85528df61dc964aa43c5f6ca681a19cfa74939b2348d204bd08a981f2fb0"
dependencies = [
 "num-integer",
 "num-traits 0.2.5",
 "time",
]

[[package]]
name = "clap"
version = "2.32.0"
source = "registry+https://github.com/rust-lang/crates.io-index"
checksum = "b957d88f4b6a63b9d70d5f454ac8011819c6efa7727858f458ab71c756ce2d3e"
dependencies = [
 "ansi_term",
 "atty",
 "bitflags",
 "strsim",
 "textwrap",
 "unicode-width",
 "vec_map",
]

[[package]]
name = "cloudabi"
version = "0.0.3"
source = "registry+https://github.com/rust-lang/crates.io-index"
checksum = "ddfc5b9aa5d4507acaf872de71051dfd0e309860e88966e1051e462a077aac4f"
dependencies = [
 "bitflags",
]

[[package]]
name = "cocoa"
version = "0.17.0"
source = "registry+https://github.com/rust-lang/crates.io-index"
checksum = "f5cd1afb83b2de9c41e5dfedb2bcccb779d433b958404876009ae4b01746ff23"
dependencies = [
 "bitflags",
 "block",
 "core-graphics",
 "libc",
 "objc",
]

[[package]]
name = "color_quant"
version = "1.0.1"
source = "registry+https://github.com/rust-lang/crates.io-index"
checksum = "0dbbb57365263e881e805dc77d94697c9118fd94d8da011240555aa7b23445bd"

[[package]]
name = "core-foundation"
version = "0.6.1"
source = "registry+https://github.com/rust-lang/crates.io-index"
checksum = "cc3532ec724375c7cb7ff0a097b714fde180bb1f6ed2ab27cfcd99ffca873cd2"
dependencies = [
 "core-foundation-sys",
 "libc",
]

[[package]]
name = "core-foundation-sys"
version = "0.6.1"
source = "registry+https://github.com/rust-lang/crates.io-index"
checksum = "a3fb15cdbdd9cf8b82d97d0296bb5cd3631bba58d6e31650a002a8e7fb5721f9"

[[package]]
name = "core-graphics"
version = "0.16.0"
source = "registry+https://github.com/rust-lang/crates.io-index"
checksum = "92801c908ea6301ae619ed842a72e01098085fc321b9c2f3f833dad555bba055"
dependencies = [
 "bitflags",
 "core-foundation",
 "foreign-types",
 "libc",
]

[[package]]
name = "criterion"
version = "0.2.4"
source = "registry+https://github.com/rust-lang/crates.io-index"
checksum = "b027da737a814e7ffcfdbaf1c0509fbaea4c6df5f2e116c820ecf515ad39ac9b"
dependencies = [
 "atty",
 "clap",
 "criterion-plot",
 "criterion-stats",
 "csv",
 "failure",
 "failure_derive",
 "handlebars",
 "itertools",
 "itertools-num",
 "log",
 "serde",
 "serde_derive",
 "serde_json",
 "simplelog",
]

[[package]]
name = "criterion-plot"
version = "0.2.4"
source = "registry+https://github.com/rust-lang/crates.io-index"
checksum = "7894b77aa2820337ddf3a6655c24116fb7e53dbdc9735d43a4dec7da5d2c4716"
dependencies = [
 "byteorder",
 "cast",
 "itertools",
]

[[package]]
name = "criterion-stats"
version = "0.2.4"
source = "registry+https://github.com/rust-lang/crates.io-index"
checksum = "61ee46663c1c4c770b215f6c412fb1e822cfb5122dbc98347dc5789613c69d2b"
dependencies = [
 "cast",
 "num-traits 0.2.5",
 "num_cpus",
 "rand 0.4.2",
 "thread-scoped",
]

[[package]]
name = "crossbeam-deque"
version = "0.2.0"
source = "registry+https://github.com/rust-lang/crates.io-index"
checksum = "f739f8c5363aca78cfb059edf753d8f0d36908c348f3d8d1503f03d8b75d9cf3"
dependencies = [
 "crossbeam-epoch",
 "crossbeam-utils",
]

[[package]]
name = "crossbeam-epoch"
version = "0.3.1"
source = "registry+https://github.com/rust-lang/crates.io-index"
checksum = "927121f5407de9956180ff5e936fe3cf4324279280001cd56b669d28ee7e9150"
dependencies = [
 "arrayvec",
 "cfg-if",
 "crossbeam-utils",
 "lazy_static",
 "memoffset",
 "nodrop",
 "scopeguard",
]

[[package]]
name = "crossbeam-utils"
version = "0.2.2"
source = "registry+https://github.com/rust-lang/crates.io-index"
checksum = "2760899e32a1d58d5abb31129f8fae5de75220bc2176e77ff7c627ae45c918d9"
dependencies = [
 "cfg-if",
]

[[package]]
name = "csv"
version = "1.0.0"
source = "registry+https://github.com/rust-lang/crates.io-index"
checksum = "71903184af9960c555e7f3b32ff17390d20ecaaf17d4f18c4a0993f2df8a49e3"
dependencies = [
 "csv-core",
 "serde",
]

[[package]]
name = "csv-core"
version = "0.1.4"
source = "registry+https://github.com/rust-lang/crates.io-index"
checksum = "4dd8e6d86f7ba48b4276ef1317edc8cc36167546d8972feb4a2b5fec0b374105"
dependencies = [
 "memchr",
]

[[package]]
name = "deflate"
version = "0.7.18"
source = "registry+https://github.com/rust-lang/crates.io-index"
checksum = "32c8120d981901a9970a3a1c97cf8b630e0fa8c3ca31e75b6fd6fd5f9f427b31"
dependencies = [
 "adler32",
 "byteorder",
]

[[package]]
name = "dlib"
version = "0.4.1"
source = "registry+https://github.com/rust-lang/crates.io-index"
checksum = "77e51249a9d823a4cb79e3eca6dcd756153e8ed0157b6c04775d04bf1b13b76a"
dependencies = [
 "libloading",
]

[[package]]
name = "downcast-rs"
version = "1.0.3"
source = "registry+https://github.com/rust-lang/crates.io-index"
checksum = "18df8ce4470c189d18aa926022da57544f31e154631eb4cfe796aea97051fe6c"

[[package]]
name = "either"
version = "1.5.0"
source = "registry+https://github.com/rust-lang/crates.io-index"
checksum = "3be565ca5c557d7f59e7cfcf1844f9e3033650c929c6566f511e8005f205c1d0"

[[package]]
name = "failure"
version = "0.1.2"
source = "registry+https://github.com/rust-lang/crates.io-index"
checksum = "7efb22686e4a466b1ec1a15c2898f91fa9cb340452496dca654032de20ff95b9"
dependencies = [
 "backtrace",
 "failure_derive",
]

[[package]]
name = "failure_derive"
version = "0.1.2"
source = "registry+https://github.com/rust-lang/crates.io-index"
checksum = "946d0e98a50d9831f5d589038d2ca7f8f455b1c21028c0db0e84116a12696426"
dependencies = [
 "proc-macro2",
 "quote 0.6.6",
 "syn 0.14.8",
 "synstructure",
]

[[package]]
name = "fnv"
version = "1.0.6"
source = "registry+https://github.com/rust-lang/crates.io-index"
checksum = "2fad85553e09a6f881f739c29f0b00b0f01357c743266d478b68951ce23285f3"

[[package]]
name = "foreign-types"
version = "0.3.2"
source = "registry+https://github.com/rust-lang/crates.io-index"
checksum = "f6f339eb8adc052cd2ca78910fda869aefa38d22d5cb648e6485e4d3fc06f3b1"
dependencies = [
 "foreign-types-shared",
]

[[package]]
name = "foreign-types-shared"
version = "0.1.1"
source = "registry+https://github.com/rust-lang/crates.io-index"
checksum = "00b0228411908ca8685dba7fc2cdd70ec9990a6e753e89b6ac91a84c40fbaf4b"

[[package]]
name = "fuchsia-zircon"
version = "0.3.3"
source = "registry+https://github.com/rust-lang/crates.io-index"
checksum = "2e9763c69ebaae630ba35f74888db465e49e259ba1bc0eda7d06f4a067615d82"
dependencies = [
 "bitflags",
 "fuchsia-zircon-sys",
]

[[package]]
name = "fuchsia-zircon-sys"
version = "0.3.3"
source = "registry+https://github.com/rust-lang/crates.io-index"
checksum = "3dcaa9ae7725d12cdb85b3ad99a434db70b468c09ded17e012d86b5c1010f7a7"

[[package]]
name = "gif"
version = "0.10.0"
source = "registry+https://github.com/rust-lang/crates.io-index"
checksum = "ff3414b424657317e708489d2857d9575f4403698428b040b609b9d1c1a84a2c"
dependencies = [
 "color_quant",
 "lzw",
]

[[package]]
name = "gl_generator"
version = "0.9.0"
source = "registry+https://github.com/rust-lang/crates.io-index"
checksum = "7a795170cbd85b5a7baa58d6d7525cae6a03e486859860c220f7ebbbdd379d0a"
dependencies = [
 "khronos_api",
 "log",
 "xml-rs",
]

[[package]]
name = "gleam"
version = "0.6.0"
source = "registry+https://github.com/rust-lang/crates.io-index"
checksum = "0d41e7ac812597988fdae31c9baec3c6d35cadb8ad9ab88a9bf9c0f119ed66c2"
dependencies = [
 "gl_generator",
]

[[package]]
name = "glium"
version = "0.22.0"
source = "git+https://github.com/expenses/glium.git?rev=49c12e75e1f321958ed4b7f90b04faf9bf9cd299#49c12e75e1f321958ed4b7f90b04faf9bf9cd299"
dependencies = [
 "backtrace",
 "fnv",
 "gl_generator",
 "glutin",
 "lazy_static",
 "smallvec",
]

[[package]]
name = "glutin"
version = "0.18.0"
source = "registry+https://github.com/rust-lang/crates.io-index"
checksum = "0be84b852c1dcccde4b1329be778e5bd9c0801b8bbb8766ea327a3f813c6eafe"
dependencies = [
 "android_glue",
 "cgl",
 "cocoa",
 "core-foundation",
 "core-graphics",
 "gl_generator",
 "lazy_static",
 "libc",
 "objc",
 "osmesa-sys",
 "shared_library",
 "wayland-client",
 "winapi",
 "winit",
 "x11-dl",
]

[[package]]
name = "handlebars"
version = "0.32.4"
source = "registry+https://github.com/rust-lang/crates.io-index"
checksum = "d89ec99d1594f285d4590fc32bac5f75cdab383f1123d504d27862c644a807dd"
dependencies = [
 "lazy_static",
 "log",
 "pest",
 "pest_derive",
 "quick-error",
 "regex",
 "serde",
 "serde_json",
]

[[package]]
name = "image"
version = "0.19.0"
source = "registry+https://github.com/rust-lang/crates.io-index"
checksum = "ebdff791af04e30089bde8ad2a632b86af433b40c04db8d70ad4b21487db7a6a"
dependencies = [
 "byteorder",
 "gif",
 "jpeg-decoder",
 "lzw",
 "num-derive",
 "num-iter",
 "num-rational",
 "num-traits 0.2.5",
 "png",
 "scoped_threadpool",
]

[[package]]
name = "inflate"
version = "0.4.3"
source = "registry+https://github.com/rust-lang/crates.io-index"
checksum = "6f53b811ee8e2057ccf9643ca6b4277de90efaf5e61e55fd5254576926bb4245"
dependencies = [
 "adler32",
]

[[package]]
name = "itertools"
version = "0.7.8"
source = "registry+https://github.com/rust-lang/crates.io-index"
checksum = "f58856976b776fedd95533137617a02fb25719f40e7d9b01c7043cd65474f450"
dependencies = [
 "either",
]

[[package]]
name = "itertools-num"
version = "0.1.1"
source = "registry+https://github.com/rust-lang/crates.io-index"
checksum = "4d78fa608383e6e608ba36f962ac991d5d6878d7203eb93b4711b14fa6717813"
dependencies = [
 "num-traits 0.1.43",
]

[[package]]
name = "itoa"
version = "0.4.2"
source = "registry+https://github.com/rust-lang/crates.io-index"
checksum = "5adb58558dcd1d786b5f0bd15f3226ee23486e24b7b58304b60f64dc68e62606"

[[package]]
name = "jpeg-decoder"
version = "0.1.15"
source = "registry+https://github.com/rust-lang/crates.io-index"
checksum = "c8b7d43206b34b3f94ea9445174bda196e772049b9bddbc620c9d29b2d20110d"
dependencies = [
 "byteorder",
 "rayon",
]

[[package]]
name = "khronos_api"
version = "2.2.0"
source = "registry+https://github.com/rust-lang/crates.io-index"
checksum = "037ab472c33f67b5fbd3e9163a2645319e5356fcd355efa6d4eb7fff4bbcb554"

[[package]]
name = "lazy_static"
version = "1.1.0"
source = "registry+https://github.com/rust-lang/crates.io-index"
checksum = "ca488b89a5657b0a2ecd45b95609b3e848cf1755da332a0da46e2b2b1cb371a7"
dependencies = [
 "version_check",
]

[[package]]
name = "libc"
version = "0.2.43"
source = "registry+https://github.com/rust-lang/crates.io-index"
checksum = "76e3a3ef172f1a0b9a9ff0dd1491ae5e6c948b94479a3021819ba7d860c8645d"

[[package]]
name = "libloading"
version = "0.5.0"
source = "registry+https://github.com/rust-lang/crates.io-index"
checksum = "9c3ad660d7cb8c5822cd83d10897b0f1f1526792737a179e73896152f85b88c2"
dependencies = [
 "cc",
 "winapi",
]

[[package]]
name = "lock_api"
version = "0.1.3"
source = "registry+https://github.com/rust-lang/crates.io-index"
checksum = "949826a5ccf18c1b3a7c3d57692778d21768b79e46eb9dd07bfc4c2160036c54"
dependencies = [
 "owning_ref",
 "scopeguard",
]

[[package]]
name = "log"
version = "0.4.3"
source = "registry+https://github.com/rust-lang/crates.io-index"
checksum = "61bd98ae7f7b754bc53dca7d44b604f733c6bba044ea6f41bc8d89272d8161d2"
dependencies = [
 "cfg-if",
]

[[package]]
name = "lzw"
version = "0.10.0"
source = "registry+https://github.com/rust-lang/crates.io-index"
checksum = "7d947cbb889ed21c2a84be6ffbaebf5b4e0f4340638cba0444907e38b56be084"

[[package]]
name = "malloc_buf"
version = "0.0.6"
source = "registry+https://github.com/rust-lang/crates.io-index"
checksum = "62bb907fe88d54d8d9ce32a3cceab4218ed2f6b7d35617cafe9adf84e43919cb"
dependencies = [
 "libc",
]

[[package]]
name = "maybe-uninit"
version = "2.0.0"
source = "registry+https://github.com/rust-lang/crates.io-index"
checksum = "60302e4db3a61da70c0cb7991976248362f30319e88850c487b9b95bbf059e00"

[[package]]
name = "memchr"
version = "2.0.1"
source = "registry+https://github.com/rust-lang/crates.io-index"
checksum = "796fba70e76612589ed2ce7f45282f5af869e0fdd7cc6199fa1aa1f1d591ba9d"
dependencies = [
 "libc",
]

[[package]]
name = "memmap"
version = "0.6.2"
source = "registry+https://github.com/rust-lang/crates.io-index"
checksum = "e2ffa2c986de11a9df78620c01eeaaf27d94d3ff02bf81bfcca953102dd0c6ff"
dependencies = [
 "libc",
 "winapi",
]

[[package]]
name = "memoffset"
version = "0.2.1"
source = "registry+https://github.com/rust-lang/crates.io-index"
checksum = "0f9dc261e2b62d7a622bf416ea3c5245cdd5d9a7fcc428c0d06804dfce1775b3"

[[package]]
name = "mint"
version = "0.5.1"
source = "registry+https://github.com/rust-lang/crates.io-index"
checksum = "c9e6c29b4bb0155117ea1a61520406c975673ee71b0287323f06d1a8d69c4a7c"

[[package]]
name = "nix"
version = "0.11.0"
source = "registry+https://github.com/rust-lang/crates.io-index"
checksum = "d37e713a259ff641624b6cb20e3b12b2952313ba36b6823c0f16e6cfd9e5de17"
dependencies = [
 "bitflags",
 "cc",
 "cfg-if",
 "libc",
 "void",
]

[[package]]
name = "nodrop"
version = "0.1.12"
source = "registry+https://github.com/rust-lang/crates.io-index"
checksum = "9a2228dca57108069a5262f2ed8bd2e82496d2e074a06d1ccc7ce1687b6ae0a2"

[[package]]
name = "num-derive"
version = "0.2.2"
source = "registry+https://github.com/rust-lang/crates.io-index"
checksum = "0d2c31b75c36a993d30c7a13d70513cb93f02acafdd5b7ba250f9b0e18615de7"
dependencies = [
 "num-traits 0.2.5",
 "proc-macro2",
 "quote 0.6.6",
 "syn 0.14.8",
]

[[package]]
name = "num-integer"
version = "0.1.39"
source = "registry+https://github.com/rust-lang/crates.io-index"
checksum = "e83d528d2677f0518c570baf2b7abdcf0cd2d248860b68507bdcb3e91d4c0cea"
dependencies = [
 "num-traits 0.2.5",
]

[[package]]
name = "num-iter"
version = "0.1.37"
source = "registry+https://github.com/rust-lang/crates.io-index"
checksum = "af3fdbbc3291a5464dc57b03860ec37ca6bf915ed6ee385e7c6c052c422b2124"
dependencies = [
 "num-integer",
 "num-traits 0.2.5",
]

[[package]]
name = "num-rational"
version = "0.1.42"
source = "registry+https://github.com/rust-lang/crates.io-index"
checksum = "ee314c74bd753fc86b4780aa9475da469155f3848473a261d2d18e35245a784e"
dependencies = [
 "num-integer",
 "num-traits 0.2.5",
]

[[package]]
name = "num-traits"
version = "0.1.43"
source = "registry+https://github.com/rust-lang/crates.io-index"
checksum = "92e5113e9fd4cc14ded8e499429f396a20f98c772a47cc8622a736e1ec843c31"
dependencies = [
 "num-traits 0.2.5",
]

[[package]]
name = "num-traits"
version = "0.2.5"
source = "registry+https://github.com/rust-lang/crates.io-index"
checksum = "630de1ef5cc79d0cdd78b7e33b81f083cbfe90de0f4b2b2f07f905867c70e9fe"

[[package]]
name = "num_cpus"
version = "1.8.0"
source = "registry+https://github.com/rust-lang/crates.io-index"
checksum = "c51a3322e4bca9d212ad9a158a02abc6934d005490c054a2778df73a70aa0a30"
dependencies = [
 "libc",
]

[[package]]
name = "objc"
version = "0.2.5"
source = "registry+https://github.com/rust-lang/crates.io-index"
checksum = "9833ab0efe5361b1e2122a0544a5d3359576911a42cb098c2e59be8650807367"
dependencies = [
 "malloc_buf",
]

[[package]]
name = "osmesa-sys"
version = "0.1.2"
source = "registry+https://github.com/rust-lang/crates.io-index"
checksum = "88cfece6e95d2e717e0872a7f53a8684712ad13822a7979bc760b9c77ec0013b"
dependencies = [
 "shared_library",
]

[[package]]
name = "owning_ref"
version = "0.3.3"
source = "registry+https://github.com/rust-lang/crates.io-index"
checksum = "cdf84f41639e037b484f93433aa3897863b561ed65c6e59c7073d7c561710f37"
dependencies = [
 "stable_deref_trait",
]

[[package]]
name = "parking_lot"
version = "0.6.3"
source = "registry+https://github.com/rust-lang/crates.io-index"
checksum = "69376b761943787ebd5cc85a5bc95958651a22609c5c1c2b65de21786baec72b"
dependencies = [
 "lock_api",
 "parking_lot_core",
]

[[package]]
name = "parking_lot_core"
version = "0.2.14"
source = "registry+https://github.com/rust-lang/crates.io-index"
checksum = "4db1a8ccf734a7bce794cc19b3df06ed87ab2f3907036b693c68f56b4d4537fa"
dependencies = [
 "libc",
 "rand 0.4.2",
 "smallvec",
 "winapi",
]

[[package]]
name = "percent-encoding"
version = "1.0.1"
source = "registry+https://github.com/rust-lang/crates.io-index"
checksum = "31010dd2e1ac33d5b46a5b413495239882813e0369f8ed8a5e266f173602f831"

[[package]]
name = "pest"
version = "1.0.6"
source = "registry+https://github.com/rust-lang/crates.io-index"
checksum = "0fce5d8b5cc33983fc74f78ad552b5522ab41442c4ca91606e4236eb4b5ceefc"

[[package]]
name = "pest_derive"
version = "1.0.7"
source = "registry+https://github.com/rust-lang/crates.io-index"
checksum = "ab94faafeb93f4c5e3ce81ca0e5a779529a602ad5d09ae6d21996bfb8b6a52bf"
dependencies = [
 "pest",
 "quote 0.3.15",
 "syn 0.11.11",
]

[[package]]
name = "pkg-config"
version = "0.3.13"
source = "registry+https://github.com/rust-lang/crates.io-index"
checksum = "104630aa1c83213cbc76db0703630fcb0421dac3585063be4ce9a8a2feeaa745"

[[package]]
name = "png"
version = "0.12.0"
source = "registry+https://github.com/rust-lang/crates.io-index"
checksum = "f54b9600d584d3b8a739e1662a595fab051329eff43f20e7d8cc22872962145b"
dependencies = [
 "bitflags",
 "deflate",
 "inflate",
 "num-iter",
]

[[package]]
name = "proc-macro2"
version = "0.4.12"
source = "registry+https://github.com/rust-lang/crates.io-index"
checksum = "7a17a4d77bc20d344179de803a34694c0ac7a0b3fb4384bee99783215a8e0410"
dependencies = [
 "unicode-xid 0.1.0",
]

[[package]]
name = "quick-error"
version = "1.2.2"
source = "registry+https://github.com/rust-lang/crates.io-index"
checksum = "9274b940887ce9addde99c4eee6b5c44cc494b182b97e73dc8ffdcb3397fd3f0"

[[package]]
name = "quote"
version = "0.3.15"
source = "registry+https://github.com/rust-lang/crates.io-index"
checksum = "7a6e920b65c65f10b2ae65c831a81a073a89edd28c7cce89475bff467ab4167a"

[[package]]
name = "quote"
version = "0.6.6"
source = "registry+https://github.com/rust-lang/crates.io-index"
checksum = "ed7d650913520df631972f21e104a4fa2f9c82a14afc65d17b388a2e29731e7c"
dependencies = [
 "proc-macro2",
]

[[package]]
name = "rand"
version = "0.4.2"
source = "registry+https://github.com/rust-lang/crates.io-index"
checksum = "eba5f8cb59cc50ed56be8880a5c7b496bfd9bd26394e176bc67884094145c2c5"
dependencies = [
 "fuchsia-zircon",
 "libc",
 "winapi",
]

[[package]]
name = "rand"
version = "0.5.5"
source = "registry+https://github.com/rust-lang/crates.io-index"
checksum = "e464cd887e869cddcae8792a4ee31d23c7edd516700695608f5b98c67ee0131c"
dependencies = [
 "cloudabi",
 "fuchsia-zircon",
 "libc",
 "rand_core",
 "winapi",
]

[[package]]
name = "rand_core"
version = "0.2.1"
source = "registry+https://github.com/rust-lang/crates.io-index"
checksum = "edecf0f94da5551fc9b492093e30b041a891657db7940ee221f9d2f66e82eef2"

[[package]]
name = "rayon"
version = "1.0.2"
source = "registry+https://github.com/rust-lang/crates.io-index"
checksum = "df7a791f788cb4c516f0e091301a29c2b71ef680db5e644a7d68835c8ae6dbfa"
dependencies = [
 "crossbeam-deque",
 "either",
 "rayon-core",
]

[[package]]
name = "rayon-core"
version = "1.4.1"
source = "registry+https://github.com/rust-lang/crates.io-index"
checksum = "b055d1e92aba6877574d8fe604a63c8b5df60f60e5982bf7ccbb1338ea527356"
dependencies = [
 "crossbeam-deque",
 "lazy_static",
 "libc",
 "num_cpus",
]

[[package]]
name = "redox_syscall"
version = "0.1.40"
source = "registry+https://github.com/rust-lang/crates.io-index"
checksum = "c214e91d3ecf43e9a4e41e578973adeb14b474f2bee858742d127af75a0112b1"

[[package]]
name = "redox_termios"
version = "0.1.1"
source = "registry+https://github.com/rust-lang/crates.io-index"
checksum = "7e891cfe48e9100a70a3b6eb652fef28920c117d366339687bd5576160db0f76"
dependencies = [
 "redox_syscall",
]

[[package]]
name = "regex"
version = "1.0.2"
source = "registry+https://github.com/rust-lang/crates.io-index"
checksum = "5bbbea44c5490a1e84357ff28b7d518b4619a159fed5d25f6c1de2d19cc42814"
dependencies = [
 "aho-corasick",
 "memchr",
 "regex-syntax",
 "thread_local",
 "utf8-ranges",
]

[[package]]
name = "regex-syntax"
version = "0.6.2"
source = "registry+https://github.com/rust-lang/crates.io-index"
checksum = "747ba3b235651f6e2f67dfa8bcdcd073ddb7c243cb21c442fc12395dfcac212d"
dependencies = [
 "ucd-util",
]

[[package]]
name = "remove_dir_all"
version = "0.5.1"
source = "registry+https://github.com/rust-lang/crates.io-index"
checksum = "3488ba1b9a2084d38645c4c08276a1752dcbf2c7130d74f1569681ad5d2799c5"
dependencies = [
 "winapi",
]

[[package]]
name = "rustc-demangle"
version = "0.1.9"
source = "registry+https://github.com/rust-lang/crates.io-index"
checksum = "bcfe5b13211b4d78e5c2cadfebd7769197d95c639c35a50057eb4c05de811395"

[[package]]
name = "ryu"
version = "0.2.3"
source = "registry+https://github.com/rust-lang/crates.io-index"
checksum = "16aa12da69951804cddf5f74d96abcc414a31b064e610dc81e37c1536082f491"

[[package]]
name = "scoped_threadpool"
version = "0.1.9"
source = "registry+https://github.com/rust-lang/crates.io-index"
checksum = "1d51f5df5af43ab3f1360b429fa5e0152ac5ce8c0bd6485cae490332e96846a8"

[[package]]
name = "scopeguard"
version = "0.3.3"
source = "registry+https://github.com/rust-lang/crates.io-index"
checksum = "94258f53601af11e6a49f722422f6e3425c52b06245a5cf9bc09908b174f5e27"

[[package]]
name = "serde"
version = "1.0.71"
source = "registry+https://github.com/rust-lang/crates.io-index"
checksum = "6dfad05c8854584e5f72fb859385ecdfa03af69c3fd0572f0da2d4c95f060bdb"

[[package]]
name = "serde_derive"
version = "1.0.71"
source = "registry+https://github.com/rust-lang/crates.io-index"
checksum = "b719c6d5e9f73fbc37892246d5852333f040caa617b8873c6aced84bcb28e7bb"
dependencies = [
 "proc-macro2",
 "quote 0.6.6",
 "syn 0.14.8",
]

[[package]]
name = "serde_json"
version = "1.0.26"
source = "registry+https://github.com/rust-lang/crates.io-index"
checksum = "44dd2cfde475037451fa99b7e5df77aa3cfd1536575fa8e7a538ab36dcde49ae"
dependencies = [
 "itoa",
 "ryu",
 "serde",
]

[[package]]
name = "shared_library"
version = "0.1.9"
source = "registry+https://github.com/rust-lang/crates.io-index"
checksum = "5a9e7e0f2bfae24d8a5b5a66c5b257a83c7412304311512a0c054cd5e619da11"
dependencies = [
 "lazy_static",
 "libc",
]

[[package]]
name = "simplelog"
version = "0.5.2"
source = "registry+https://github.com/rust-lang/crates.io-index"
checksum = "9cc12b39fdf4c9a07f88bffac2d628f0118ed5ac077a4b0feece61fadf1429e5"
dependencies = [
 "chrono",
 "log",
 "term",
]

[[package]]
name = "smallvec"
version = "0.6.14"
source = "registry+https://github.com/rust-lang/crates.io-index"
checksum = "b97fcaeba89edba30f044a10c6a3cc39df9c3f17d7cd829dd1446cab35f890e0"
dependencies = [
 "maybe-uninit",
]

[[package]]
name = "smithay-client-toolkit"
version = "0.2.6"
source = "registry+https://github.com/rust-lang/crates.io-index"
checksum = "2051bffc6cbf271176e8ba1527f801b6444567daee15951ff5152aaaf7777b2f"
dependencies = [
 "bitflags",
 "byteorder",
 "dlib",
 "lazy_static",
 "memmap",
 "nix",
 "tempfile",
 "wayland-client",
 "wayland-commons",
 "wayland-protocols",
]

[[package]]
name = "stable_deref_trait"
version = "1.1.1"
source = "registry+https://github.com/rust-lang/crates.io-index"
checksum = "dba1a27d3efae4351c8051072d619e3ade2820635c3958d826bfea39d59b54c8"

[[package]]
name = "stderrlog"
version = "0.4.1"
source = "registry+https://github.com/rust-lang/crates.io-index"
checksum = "61dc66b7ae72b65636dbf36326f9638fb3ba27871bb737a62e2c309b87d91b70"
dependencies = [
 "chrono",
 "log",
 "termcolor",
 "thread_local",
]

[[package]]
name = "stl-thumb"
version = "0.3.1"
dependencies = [
 "cgmath",
 "clap",
 "criterion",
 "glium",
 "image",
 "log",
 "mint",
 "stderrlog",
 "stl_io",
]

[[package]]
name = "stl_io"
version = "0.3.7"
source = "registry+https://github.com/rust-lang/crates.io-index"
checksum = "782189b145cf36874bb4cd46ed6a60ac811ab27bcee7b4c14c371cb2795d6850"
dependencies = [
 "byteorder",
]

[[package]]
name = "strsim"
version = "0.7.0"
source = "registry+https://github.com/rust-lang/crates.io-index"
checksum = "bb4f380125926a99e52bc279241539c018323fab05ad6368b56f93d9369ff550"

[[package]]
name = "syn"
version = "0.11.11"
source = "registry+https://github.com/rust-lang/crates.io-index"
checksum = "d3b891b9015c88c576343b9b3e41c2c11a51c219ef067b264bd9c8aa9b441dad"
dependencies = [
 "quote 0.3.15",
 "synom",
 "unicode-xid 0.0.4",
]

[[package]]
name = "syn"
version = "0.14.8"
source = "registry+https://github.com/rust-lang/crates.io-index"
checksum = "b7bfcbb0c068d0f642a0ffbd5c604965a360a61f99e8add013cef23a838614f3"
dependencies = [
 "proc-macro2",
 "quote 0.6.6",
 "unicode-xid 0.1.0",
]

[[package]]
name = "synom"
version = "0.11.3"
source = "registry+https://github.com/rust-lang/crates.io-index"
checksum = "a393066ed9010ebaed60b9eafa373d4b1baac186dd7e008555b0f702b51945b6"
dependencies = [
 "unicode-xid 0.0.4",
]

[[package]]
name = "synstructure"
version = "0.9.0"
source = "registry+https://github.com/rust-lang/crates.io-index"
checksum = "85bb9b7550d063ea184027c9b8c20ac167cd36d3e06b3a40bceb9d746dc1a7b7"
dependencies = [
 "proc-macro2",
 "quote 0.6.6",
 "syn 0.14.8",
 "unicode-xid 0.1.0",
]

[[package]]
name = "tempfile"
version = "3.0.3"
source = "registry+https://github.com/rust-lang/crates.io-index"
checksum = "c4b103c6d08d323b92ff42c8ce62abcd83ca8efa7fd5bf7927efefec75f58c76"
dependencies = [
 "libc",
 "rand 0.5.5",
 "redox_syscall",
 "remove_dir_all",
 "winapi",
]

[[package]]
name = "term"
version = "0.5.1"
source = "registry+https://github.com/rust-lang/crates.io-index"
checksum = "5e6b677dd1e8214ea1ef4297f85dbcbed8e8cdddb561040cc998ca2551c37561"
dependencies = [
 "byteorder",
 "winapi",
]

[[package]]
name = "termcolor"
version = "0.3.6"
source = "registry+https://github.com/rust-lang/crates.io-index"
checksum = "adc4587ead41bf016f11af03e55a624c06568b5a19db4e90fde573d805074f83"
dependencies = [
 "wincolor",
]

[[package]]
name = "termion"
version = "1.5.1"
source = "registry+https://github.com/rust-lang/crates.io-index"
checksum = "689a3bdfaab439fd92bc87df5c4c78417d3cbe537487274e9b0b2dce76e92096"
dependencies = [
 "libc",
 "redox_syscall",
 "redox_termios",
]

[[package]]
name = "textwrap"
version = "0.10.0"
source = "registry+https://github.com/rust-lang/crates.io-index"
checksum = "307686869c93e71f94da64286f9a9524c0f308a9e1c87a583de8e9c9039ad3f6"
dependencies = [
 "unicode-width",
]

[[package]]
name = "thread-scoped"
version = "1.0.2"
source = "registry+https://github.com/rust-lang/crates.io-index"
checksum = "bcbb6aa301e5d3b0b5ef639c9a9c7e2f1c944f177b460c04dc24c69b1fa2bd99"

[[package]]
name = "thread_local"
version = "0.3.5"
source = "registry+https://github.com/rust-lang/crates.io-index"
checksum = "279ef31c19ededf577bfd12dfae728040a21f635b06a24cd670ff510edd38963"
dependencies = [
 "lazy_static",
 "unreachable",
]

[[package]]
name = "time"
version = "0.1.40"
source = "registry+https://github.com/rust-lang/crates.io-index"
checksum = "d825be0eb33fda1a7e68012d51e9c7f451dc1a69391e7fdc197060bb8c56667b"
dependencies = [
 "libc",
 "redox_syscall",
 "winapi",
]

[[package]]
name = "ucd-util"
version = "0.1.1"
source = "registry+https://github.com/rust-lang/crates.io-index"
checksum = "fd2be2d6639d0f8fe6cdda291ad456e23629558d466e2789d2c3e9892bda285d"

[[package]]
name = "unicode-width"
version = "0.1.5"
source = "registry+https://github.com/rust-lang/crates.io-index"
checksum = "882386231c45df4700b275c7ff55b6f3698780a650026380e72dabe76fa46526"

[[package]]
name = "unicode-xid"
version = "0.0.4"
source = "registry+https://github.com/rust-lang/crates.io-index"
checksum = "8c1f860d7d29cf02cb2f3f359fd35991af3d30bac52c57d265a3c461074cb4dc"

[[package]]
name = "unicode-xid"
version = "0.1.0"
source = "registry+https://github.com/rust-lang/crates.io-index"
checksum = "fc72304796d0818e357ead4e000d19c9c174ab23dc11093ac919054d20a6a7fc"

[[package]]
name = "unreachable"
version = "1.0.0"
source = "registry+https://github.com/rust-lang/crates.io-index"
checksum = "382810877fe448991dfc7f0dd6e3ae5d58088fd0ea5e35189655f84e6814fa56"
dependencies = [
 "void",
]

[[package]]
name = "utf8-ranges"
version = "1.0.0"
source = "registry+https://github.com/rust-lang/crates.io-index"
checksum = "662fab6525a98beff2921d7f61a39e7d59e0b425ebc7d0d9e66d316e55124122"

[[package]]
name = "vec_map"
version = "0.8.1"
source = "registry+https://github.com/rust-lang/crates.io-index"
checksum = "05c78687fb1a80548ae3250346c3db86a80a7cdd77bda190189f2d0a0987c81a"

[[package]]
name = "version_check"
version = "0.1.4"
source = "registry+https://github.com/rust-lang/crates.io-index"
checksum = "7716c242968ee87e5542f8021178248f267f295a5c4803beae8b8b7fd9bc6051"

[[package]]
name = "void"
version = "1.0.2"
source = "registry+https://github.com/rust-lang/crates.io-index"
checksum = "6a02e4885ed3bc0f2de90ea6dd45ebcbb66dacffe03547fadbb0eeae2770887d"

[[package]]
name = "wayland-client"
version = "0.20.12"
source = "registry+https://github.com/rust-lang/crates.io-index"
checksum = "e7516a23419a55bd2e6d466c75a6a52c85718e5013660603289c2b8bee794b12"
dependencies = [
 "bitflags",
 "libc",
 "wayland-commons",
 "wayland-scanner",
 "wayland-sys",
]

[[package]]
name = "wayland-commons"
version = "0.20.12"
source = "registry+https://github.com/rust-lang/crates.io-index"
checksum = "d8609d59b95bf198bae4f3b064d55a712f2d529eec6aac98cc1f6e9cc911d47a"
dependencies = [
 "downcast-rs",
 "wayland-sys",
]

[[package]]
name = "wayland-protocols"
version = "0.20.12"
source = "registry+https://github.com/rust-lang/crates.io-index"
checksum = "bd4d31a96be6ecdbaddbf35200f5af2daee01be592afecd8feaf443d417e9230"
dependencies = [
 "bitflags",
 "wayland-client",
 "wayland-commons",
 "wayland-scanner",
 "wayland-sys",
]

[[package]]
name = "wayland-scanner"
version = "0.20.12"
source = "registry+https://github.com/rust-lang/crates.io-index"
checksum = "e674d85ae9c67cbbc590374d8f2e20a7a02fff87ce3a31fc52213afece8d05ad"
dependencies = [
 "xml-rs",
]

[[package]]
name = "wayland-sys"
version = "0.20.12"
source = "registry+https://github.com/rust-lang/crates.io-index"
checksum = "87c82ee658aa657fdfd7061f22e442030d921cfefc5bad68bcf41973e67922f7"
dependencies = [
 "dlib",
 "lazy_static",
]

[[package]]
name = "winapi"
version = "0.3.5"
source = "registry+https://github.com/rust-lang/crates.io-index"
checksum = "773ef9dcc5f24b7d850d0ff101e542ff24c3b090a9768e03ff889fdef41f00fd"
dependencies = [
 "winapi-i686-pc-windows-gnu",
 "winapi-x86_64-pc-windows-gnu",
]

[[package]]
name = "winapi-i686-pc-windows-gnu"
version = "0.4.0"
source = "registry+https://github.com/rust-lang/crates.io-index"
checksum = "ac3b87c63620426dd9b991e5ce0329eff545bccbbb34f3be09ff6fb6ab51b7b6"

[[package]]
name = "winapi-x86_64-pc-windows-gnu"
version = "0.4.0"
source = "registry+https://github.com/rust-lang/crates.io-index"
checksum = "712e227841d057c1ee1cd2fb22fa7e5a5461ae8e48fa2ca79ec42cfc1931183f"

[[package]]
name = "wincolor"
version = "0.1.6"
source = "registry+https://github.com/rust-lang/crates.io-index"
checksum = "eeb06499a3a4d44302791052df005d5232b927ed1a9658146d842165c4de7767"
dependencies = [
 "winapi",
]

[[package]]
name = "winit"
version = "0.17.1"
source = "registry+https://github.com/rust-lang/crates.io-index"
checksum = "681133266a330e2df4c76644554d1037401013218ce3293de0c6b795d64ab100"
dependencies = [
 "android_glue",
 "cocoa",
 "core-foundation",
 "core-graphics",
 "lazy_static",
 "libc",
 "log",
 "objc",
 "parking_lot",
 "percent-encoding",
 "smithay-client-toolkit",
 "wayland-client",
 "winapi",
 "x11-dl",
]

[[package]]
name = "x11-dl"
version = "2.18.3"
source = "registry+https://github.com/rust-lang/crates.io-index"
checksum = "940586acb859ea05c53971ac231685799a7ec1dee66ac0bccc0e6ad96e06b4e3"
dependencies = [
 "lazy_static",
 "libc",
 "pkg-config",
]

[[package]]
name = "xml-rs"
version = "0.7.0"
source = "registry+https://github.com/rust-lang/crates.io-index"
checksum = "3c1cb601d29fe2c2ac60a2b2e5e293994d87a1f6fa9687a31a15270f909be9c2"
dependencies = [
 "bitflags",
]
